
Microsoft Visual Studio Solution File, Format Version 12.00
# Visual Studio 15
VisualStudioVersion = 15.0.27004.2002
MinimumVisualStudioVersion = 10.0.40219.1
Project("{FAE04EC0-301F-11D3-BF4B-00C04F79EFBC}") = "CompensationCalculator", "CompensationCalculator\CompensationCalculator.csproj", "{9ECE91CE-41F8-41D5-B237-3569CCD49CD1}"
EndProject
Global
	GlobalSection(SolutionConfigurationPlatforms) = preSolution
		Debug|Any CPU = Debug|Any CPU
		Release|Any CPU = Release|Any CPU
	EndGlobalSection
	GlobalSection(ProjectConfigurationPlatforms) = postSolution
		{9ECE91CE-41F8-41D5-B237-3569CCD49CD1}.Debug|Any CPU.ActiveCfg = Debug|Any CPU
		{9ECE91CE-41F8-41D5-B237-3569CCD49CD1}.Debug|Any CPU.Build.0 = Debug|Any CPU
		{9ECE91CE-41F8-41D5-B237-3569CCD49CD1}.Release|Any CPU.ActiveCfg = Release|Any CPU
		{9ECE91CE-41F8-41D5-B237-3569CCD49CD1}.Release|Any CPU.Build.0 = Release|Any CPU
	EndGlobalSection
	GlobalSection(SolutionProperties) = preSolution
		HideSolutionNode = FALSE
	EndGlobalSection
	GlobalSection(ExtensibilityGlobals) = postSolution
		SolutionGuid = {368D4DB1-69B8-4C59-9C8A-5B2545FE4E2B}
	EndGlobalSection
EndGlobal
